
Microsoft Visual Studio Solution File, Format Version 12.00
# Visual Studio Version 17
VisualStudioVersion = 17.4.33403.182
MinimumVisualStudioVersion = 10.0.40219.1
Project("{FAE04EC0-301F-11D3-BF4B-00C04F79EFBC}") = "TesteSimonides2", "TesteSimonides2\TesteSimonides2.csproj", "{DB8652AA-502E-4A54-A946-40810D1096EB}"
EndProject
Global
	GlobalSection(SolutionConfigurationPlatforms) = preSolution
		Debug|Any CPU = Debug|Any CPU
		Release|Any CPU = Release|Any CPU
	EndGlobalSection
	GlobalSection(ProjectConfigurationPlatforms) = postSolution
		{DB8652AA-502E-4A54-A946-40810D1096EB}.Debug|Any CPU.ActiveCfg = Debug|Any CPU
		{DB8652AA-502E-4A54-A946-40810D1096EB}.Debug|Any CPU.Build.0 = Debug|Any CPU
		{DB8652AA-502E-4A54-A946-40810D1096EB}.Release|Any CPU.ActiveCfg = Release|Any CPU
		{DB8652AA-502E-4A54-A946-40810D1096EB}.Release|Any CPU.Build.0 = Release|Any CPU
	EndGlobalSection
	GlobalSection(SolutionProperties) = preSolution
		HideSolutionNode = FALSE
	EndGlobalSection
	GlobalSection(ExtensibilityGlobals) = postSolution
		SolutionGuid = {F6EE7775-60B9-402B-ADAC-171AECF74B81}
	EndGlobalSection
EndGlobal
